<?xml version="1.0" encoding="utf-8"?>
<Project ToolsVersion="4.0" xmlns="http://schemas.microsoft.com/developer/msbuild/2003">
  <ItemGroup>
    <Filter Include="Common">
      <UniqueIdentifier>1997dd18-2a06-48b8-9d55-c9b9a74c047e</UniqueIdentifier>
    </Filter>
    <Filter Include="Assets">
      <UniqueIdentifier>cb7ec6f3-eac0-4029-811d-66795088319f</UniqueIdentifier>
      <Extensions>ico;cur;bmp;dds;dlg;fbx;rct;bin;rgs;gif;jpg;jpeg;jpe;resx;tga;tiff;tif;png;wav;mfcribbon-ms</Extensions>
    </Filter>
    <Filter Include="Load">
      <UniqueIdentifier>{37b5d2fc-f1b4-4cf8-aa2d-2cb207f8f207}</UniqueIdentifier>
    </Filter>
    <Filter Include="json">
      <UniqueIdentifier>{fd95c6cc-a15c-4e97-b451-e520f4f34b0c}</UniqueIdentifier>
    </Filter>
    <Filter Include="Block">
      <UniqueIdentifier>{ac404769-ea5e-4b30-a1e8-2680926b2997}</UniqueIdentifier>
    </Filter>
    <Filter Include="Block\BlockManager">
      <UniqueIdentifier>{79872bed-6cfe-45a0-9425-cdfc42391c96}</UniqueIdentifier>
    </Filter>
    <Filter Include="Tank">
      <UniqueIdentifier>{a9dbcf2d-19e7-41b2-abc2-b97ac8df4ba3}</UniqueIdentifier>
    </Filter>
    <Filter Include="Tank\TankManager">
      <UniqueIdentifier>{26f3ec13-65ee-49e7-a434-7cf8eee89f39}</UniqueIdentifier>
    </Filter>
    <Filter Include="Tank\Bullet">
      <UniqueIdentifier>{e28ef4b9-e53c-413f-a9cd-692ce9389643}</UniqueIdentifier>
    </Filter>
    <Filter Include="Tank\BulletManager">
      <UniqueIdentifier>{3b364444-3bd6-42dd-a2b6-0ebc63655793}</UniqueIdentifier>
    </Filter>
    <Filter Include="Particle">
      <UniqueIdentifier>{811964a4-2872-4396-b462-172a33eca62c}</UniqueIdentifier>
    </Filter>
    <Filter Include="Particle\WoodParticle">
      <UniqueIdentifier>{c0014de0-bf40-48c6-85f4-7f2b240605c4}</UniqueIdentifier>
    </Filter>
    <Filter Include="Particle\ParticleManager">
      <UniqueIdentifier>{8ada2fce-0ba2-4302-96dc-cdbfacd6b424}</UniqueIdentifier>
    </Filter>
    <Filter Include="Scene">
      <UniqueIdentifier>{6146b03e-24b5-4b25-998e-ed0cb52970ed}</UniqueIdentifier>
    </Filter>
    <Filter Include="Scene\SceneManager">
      <UniqueIdentifier>{80a17011-38e9-4475-bb9d-fee2ceb6163f}</UniqueIdentifier>
    </Filter>
    <Filter Include="Scene\TitleScene">
      <UniqueIdentifier>{4bbd7a7b-af21-4f1a-b7fb-aa9657507b1f}</UniqueIdentifier>
    </Filter>
    <Filter Include="Scene\MainGameScene">
      <UniqueIdentifier>{d71ed442-39f0-4cd2-90e7-c87f62d7df58}</UniqueIdentifier>
    </Filter>
    <Filter Include="Scene\ResultScene">
      <UniqueIdentifier>{15c32dba-959a-48ff-8ba0-9c76ea0ad7cf}</UniqueIdentifier>
    </Filter>
    <Filter Include="Particle\FireParticle">
      <UniqueIdentifier>{5ebb992e-9bcd-42aa-8435-fcc7432c921e}</UniqueIdentifier>
    </Filter>
    <Filter Include="Particle\WoodParticleManager">
      <UniqueIdentifier>{fb93fb57-3a9c-4f7e-8e35-608cd0193123}</UniqueIdentifier>
    </Filter>
    <Filter Include="Particle\FireParticleManager">
      <UniqueIdentifier>{f057638d-b4a8-4fdb-a5c3-84e15dbb16ed}</UniqueIdentifier>
    </Filter>
    <Filter Include="Particle\ReflectionParticle">
      <UniqueIdentifier>{12524ad9-ebe9-4446-8919-f2d56ba3bb74}</UniqueIdentifier>
    </Filter>
    <Filter Include="Particle\ReflectionParticleManager">
      <UniqueIdentifier>{c35b2e3a-b799-4e0d-9942-97bf33a2f5a5}</UniqueIdentifier>
    </Filter>
    <Filter Include="Particle\HitEffectManager">
      <UniqueIdentifier>{2024f498-a95a-4773-811d-dd2c19703256}</UniqueIdentifier>
    </Filter>
    <Filter Include="Particle\HitExplosionEffectManager">
      <UniqueIdentifier>{de9dcf33-e02f-4dff-bfa2-ed7edd685239}</UniqueIdentifier>
    </Filter>
    <Filter Include="Particle\HitAroundEffectManager">
      <UniqueIdentifier>{9e37d9fe-406c-4fd7-b8ed-d7d7c727aa1f}</UniqueIdentifier>
    </Filter>
    <Filter Include="Particle\HitFlameParticle">
      <UniqueIdentifier>{83aa2104-4c68-498a-83bf-15815ca04813}</UniqueIdentifier>
    </Filter>
    <Filter Include="Particle\HitSmokeParticle">
      <UniqueIdentifier>{90ed9019-178b-4027-9970-fd2f2f5587e7}</UniqueIdentifier>
    </Filter>
    <Filter Include="Particle\HitAroundFlameParticle">
      <UniqueIdentifier>{de3798c9-0149-4805-8193-d554d8405754}</UniqueIdentifier>
    </Filter>
    <Filter Include="Particle\VictoryParticle">
      <UniqueIdentifier>{2f7a23a6-0b23-49b3-b6ad-7ae9137ae243}</UniqueIdentifier>
    </Filter>
    <Filter Include="Particle\VictoryParticleManager">
      <UniqueIdentifier>{328a1172-1d81-408f-a9f4-926b232be787}</UniqueIdentifier>
    </Filter>
    <Filter Include="Scene\Transition">
      <UniqueIdentifier>{2fe3217c-c9f0-4f83-9009-4a670b9883ea}</UniqueIdentifier>
    </Filter>
  </ItemGroup>
  <ItemGroup>
    <ClInclude Include="pch.h" />
    <ClInclude Include="Game.h" />
    <ClInclude Include="StepTimer.h">
      <Filter>Common</Filter>
    </ClInclude>
    <ClInclude Include="DeviceResources.h">
      <Filter>Common</Filter>
    </ClInclude>
    <ClInclude Include="common.h" />
    <ClInclude Include="Load.h">
      <Filter>Load</Filter>
    </ClInclude>
    <ClInclude Include="json.hpp">
      <Filter>json</Filter>
    </ClInclude>
    <ClInclude Include="BlockManager.h">
      <Filter>Block\BlockManager</Filter>
    </ClInclude>
    <ClInclude Include="Block.h">
      <Filter>Block</Filter>
    </ClInclude>
    <ClInclude Include="Tank.h">
      <Filter>Tank</Filter>
    </ClInclude>
    <ClInclude Include="TankManager.h">
      <Filter>Tank\TankManager</Filter>
    </ClInclude>
    <ClInclude Include="Bullet.h">
      <Filter>Tank\Bullet</Filter>
    </ClInclude>
    <ClInclude Include="BulletManager.h">
      <Filter>Tank\BulletManager</Filter>
    </ClInclude>
    <ClInclude Include="WoodParticle.h">
      <Filter>Particle\WoodParticle</Filter>
    </ClInclude>
    <ClInclude Include="ParticleManager.h">
      <Filter>Particle\ParticleManager</Filter>
    </ClInclude>
    <ClInclude Include="BaseScene.h">
      <Filter>Scene</Filter>
    </ClInclude>
    <ClInclude Include="SceneManager.h">
      <Filter>Scene\SceneManager</Filter>
    </ClInclude>
    <ClInclude Include="TitleScene.h">
      <Filter>Scene\TitleScene</Filter>
    </ClInclude>
    <ClInclude Include="MainGameScene.h">
      <Filter>Scene\MainGameScene</Filter>
    </ClInclude>
    <ClInclude Include="ResultScene.h">
      <Filter>Scene\ResultScene</Filter>
    </ClInclude>
    <ClInclude Include="FireParticle.h">
      <Filter>Particle\FireParticle</Filter>
    </ClInclude>
    <ClInclude Include="WoodParticleManager.h">
      <Filter>Particle\WoodParticleManager</Filter>
    </ClInclude>
    <ClInclude Include="FireParticleManager.h">
      <Filter>Particle\FireParticleManager</Filter>
    </ClInclude>
    <ClInclude Include="ReflectionParticle.h">
      <Filter>Particle\ReflectionParticle</Filter>
    </ClInclude>
    <ClInclude Include="ReflectionParticleManager.h">
      <Filter>Particle\ReflectionParticleManager</Filter>
    </ClInclude>
    <ClInclude Include="HitEffectManager.h">
      <Filter>Particle\HitEffectManager</Filter>
    </ClInclude>
    <ClInclude Include="HitExplosionManager.h">
      <Filter>Particle\HitExplosionEffectManager</Filter>
    </ClInclude>
    <ClInclude Include="HitAroundEffectManager.h">
      <Filter>Particle\HitAroundEffectManager</Filter>
    </ClInclude>
    <ClInclude Include="AnimatedTexture.h" />
    <ClInclude Include="HitFlameParticle.h">
      <Filter>Particle\HitFlameParticle</Filter>
    </ClInclude>
    <ClInclude Include="HitSmokeParticle.h">
      <Filter>Particle\HitSmokeParticle</Filter>
    </ClInclude>
    <ClInclude Include="HitAroundFlameParticle.h">
      <Filter>Particle\HitAroundFlameParticle</Filter>
    </ClInclude>
    <ClInclude Include="VictoryParticle.h">
      <Filter>Particle\VictoryParticle</Filter>
    </ClInclude>
    <ClInclude Include="VictoryParticleManager.h">
      <Filter>Particle\VictoryParticleManager</Filter>
    </ClInclude>
    <ClInclude Include="Transition.h">
      <Filter>Scene\Transition</Filter>
    </ClInclude>
  </ItemGroup>
  <ItemGroup>
    <ClCompile Include="pch.cpp" />
    <ClCompile Include="Game.cpp" />
    <ClCompile Include="Main.cpp" />
    <ClCompile Include="DeviceResources.cpp">
      <Filter>Common</Filter>
    </ClCompile>
    <ClCompile Include="Load.cpp">
      <Filter>Load</Filter>
    </ClCompile>
    <ClCompile Include="BlockManager.cpp">
      <Filter>Block\BlockManager</Filter>
    </ClCompile>
    <ClCompile Include="Block.cpp">
      <Filter>Block</Filter>
    </ClCompile>
    <ClCompile Include="TankManager.cpp">
      <Filter>Tank\TankManager</Filter>
    </ClCompile>
    <ClCompile Include="Bullet.cpp">
      <Filter>Tank\Bullet</Filter>
    </ClCompile>
    <ClCompile Include="Tank.cpp">
      <Filter>Tank</Filter>
    </ClCompile>
    <ClCompile Include="BulletManager.cpp">
      <Filter>Tank\BulletManager</Filter>
    </ClCompile>
    <ClCompile Include="WoodParticle.cpp">
      <Filter>Particle\WoodParticle</Filter>
    </ClCompile>
    <ClCompile Include="ParticleManager.cpp">
      <Filter>Particle\ParticleManager</Filter>
    </ClCompile>
    <ClCompile Include="SceneManager.cpp">
      <Filter>Scene\SceneManager</Filter>
    </ClCompile>
    <ClCompile Include="TitleScene.cpp">
      <Filter>Scene\TitleScene</Filter>
    </ClCompile>
    <ClCompile Include="MainGameScene.cpp">
      <Filter>Scene\MainGameScene</Filter>
    </ClCompile>
    <ClCompile Include="ResultScene.cpp">
      <Filter>Scene\ResultScene</Filter>
    </ClCompile>
    <ClCompile Include="FireParticle.cpp">
      <Filter>Particle\FireParticle</Filter>
    </ClCompile>
    <ClCompile Include="WoodParticleManager.cpp">
      <Filter>Particle\WoodParticleManager</Filter>
    </ClCompile>
    <ClCompile Include="FireParticleManager.cpp">
      <Filter>Particle\FireParticleManager</Filter>
    </ClCompile>
    <ClCompile Include="ReflectionParticle.cpp">
      <Filter>Particle\ReflectionParticle</Filter>
    </ClCompile>
    <ClCompile Include="ReflectionParticleManager.cpp">
      <Filter>Particle\ReflectionParticleManager</Filter>
    </ClCompile>
    <ClCompile Include="HitEffectManager.cpp">
      <Filter>Particle\HitEffectManager</Filter>
    </ClCompile>
    <ClCompile Include="HitExplosionManager.cpp">
      <Filter>Particle\HitExplosionEffectManager</Filter>
    </ClCompile>
    <ClCompile Include="HitAroundEffectManager.cpp">
      <Filter>Particle\HitAroundEffectManager</Filter>
    </ClCompile>
    <ClCompile Include="HitFlameParticle.cpp">
      <Filter>Particle\HitFlameParticle</Filter>
    </ClCompile>
    <ClCompile Include="HitSmokeParticle.cpp">
      <Filter>Particle\HitSmokeParticle</Filter>
    </ClCompile>
    <ClCompile Include="HitAroundFlameParticle.cpp">
      <Filter>Particle\HitAroundFlameParticle</Filter>
    </ClCompile>
    <ClCompile Include="VictoryParticle.cpp">
      <Filter>Particle\VictoryParticle</Filter>
    </ClCompile>
    <ClCompile Include="VictoryParticleManager.cpp">
      <Filter>Particle\VictoryParticleManager</Filter>
    </ClCompile>
    <ClCompile Include="Transition.cpp">
      <Filter>Scene\Transition</Filter>
    </ClCompile>
  </ItemGroup>
  <ItemGroup>
    <ResourceCompile Include="resource.rc" />
  </ItemGroup>
  <ItemGroup>
    <Image Include="directx.ico">
      <Filter>Assets</Filter>
    </Image>
    <Image Include="data\a.png">
      <Filter>Assets</Filter>
    </Image>
    <Image Include="data\analog_l.png">
      <Filter>Assets</Filter>
    </Image>
    <Image Include="data\analog_r.png">
      <Filter>Assets</Filter>
    </Image>
    <Image Include="data\b.png">
      <Filter>Assets</Filter>
    </Image>
    <Image Include="data\Blue.png">
      <Filter>Assets</Filter>
    </Image>
    <Image Include="data\board.png">
      <Filter>Assets</Filter>
    </Image>
    <Image Include="data\BTN_Big.png">
      <Filter>Assets</Filter>
    </Image>
    <Image Include="data\BTN_Big2.png">
      <Filter>Assets</Filter>
    </Image>
    <Image Include="data\BTN_Medium.png">
      <Filter>Assets</Filter>
    </Image>
    <Image Include="data\BTN_Medium2.png">
      <Filter>Assets</Filter>
    </Image>
    <Image Include="data\bumper_r.png">
      <Filter>Assets</Filter>
    </Image>
    <Image Include="data\defeat.png">
      <Filter>Assets</Filter>
    </Image>
    <Image Include="data\engine_diff_tex.dds">
      <Filter>Assets</Filter>
    </Image>
    <Image Include="data\engine_diff_tex2.dds">
      <Filter>Assets</Filter>
    </Image>
    <Image Include="data\Heart.png">
      <Filter>Assets</Filter>
    </Image>
    <Image Include="data\HeartBlue.png">
      <Filter>Assets</Filter>
    </Image>
    <Image Include="data\HeartRed.png">
      <Filter>Assets</Filter>
    </Image>
    <Image Include="data\hitaroundflame.tif">
      <Filter>Assets</Filter>
    </Image>
    <Image Include="data\hitflame.tif">
      <Filter>Assets</Filter>
    </Image>
    <Image Include="data\hitsmoke.tif">
      <Filter>Assets</Filter>
    </Image>
    <Image Include="data\Red.png">
      <Filter>Assets</Filter>
    </Image>
    <Image Include="data\reflection.png">
      <Filter>Assets</Filter>
    </Image>
    <Image Include="data\Sample_03.jpg">
      <Filter>Assets</Filter>
    </Image>
    <Image Include="data\Samples_04.jpg">
      <Filter>Assets</Filter>
    </Image>
    <Image Include="data\Samples_05.jpg">
      <Filter>Assets</Filter>
    </Image>
    <Image Include="data\smoke.png">
      <Filter>Assets</Filter>
    </Image>
    <Image Include="data\TITLE.png">
      <Filter>Assets</Filter>
    </Image>
    <Image Include="data\turret_alt_diff_tex.dds">
      <Filter>Assets</Filter>
    </Image>
    <Image Include="data\turret_alt_diff_tex2.dds">
      <Filter>Assets</Filter>
    </Image>
    <Image Include="data\victory.png">
      <Filter>Assets</Filter>
    </Image>
    <Image Include="data\Wood_Plain_A_BasecolorClaro.png">
      <Filter>Assets</Filter>
    </Image>
    <Image Include="data\Yellow.png">
      <Filter>Assets</Filter>
    </Image>
  </ItemGroup>
  <ItemGroup>
    <Manifest Include="settings.manifest">
      <Filter>Assets</Filter>
    </Manifest>
  </ItemGroup>
  <ItemGroup>
    <None Include="packages.config" />
    <None Include="data\bluecube.cmo">
      <Filter>Assets</Filter>
    </None>
    <None Include="data\bluecube.mtl">
      <Filter>Assets</Filter>
    </None>
    <None Include="data\bullet.cmo">
      <Filter>Assets</Filter>
    </None>
    <None Include="data\bullet.mtl">
      <Filter>Assets</Filter>
    </None>
    <None Include="data\plank.cmo">
      <Filter>Assets</Filter>
    </None>
    <None Include="data\plank.mtl">
      <Filter>Assets</Filter>
    </None>
    <None Include="data\redcube.cmo">
      <Filter>Assets</Filter>
    </None>
    <None Include="data\redcube.mtl">
      <Filter>Assets</Filter>
    </None>
    <None Include="data\tank.sdkmesh">
      <Filter>Assets</Filter>
    </None>
    <None Include="data\woodcube.cmo">
      <Filter>Assets</Filter>
    </None>
    <None Include="data\woodcube.mtl">
      <Filter>Assets</Filter>
    </None>
    <None Include="data\yellowcube.cmo">
      <Filter>Assets</Filter>
    </None>
    <None Include="data\yellowcube.mtl">
      <Filter>Assets</Filter>
    </None>
    <None Include="data\data.json">
      <Filter>json</Filter>
    </None>
  </ItemGroup>
</Project>