<?xml version="1.0" encoding="utf-8"?>
<Project ToolsVersion="4.0" xmlns="http://schemas.microsoft.com/developer/msbuild/2003">
  <ItemGroup>
    <Filter Include="Common">
      <UniqueIdentifier>1997dd18-2a06-48b8-9d55-c9b9a74c047e</UniqueIdentifier>
    </Filter>
    <Filter Include="Assets">
      <UniqueIdentifier>cb7ec6f3-eac0-4029-811d-66795088319f</UniqueIdentifier>
      <Extensions>ico;cur;bmp;dds;dlg;fbx;rct;bin;rgs;gif;jpg;jpeg;jpe;resx;tga;tiff;tif;png;wav;mfcribbon-ms</Extensions>
    </Filter>
    <Filter Include="Load">
      <UniqueIdentifier>{37b5d2fc-f1b4-4cf8-aa2d-2cb207f8f207}</UniqueIdentifier>
    </Filter>
    <Filter Include="json">
      <UniqueIdentifier>{fd95c6cc-a15c-4e97-b451-e520f4f34b0c}</UniqueIdentifier>
    </Filter>
    <Filter Include="Block">
      <UniqueIdentifier>{ac404769-ea5e-4b30-a1e8-2680926b2997}</UniqueIdentifier>
    </Filter>
    <Filter Include="Block\BlockManager">
      <UniqueIdentifier>{79872bed-6cfe-45a0-9425-cdfc42391c96}</UniqueIdentifier>
    </Filter>
    <Filter Include="Tank">
      <UniqueIdentifier>{a9dbcf2d-19e7-41b2-abc2-b97ac8df4ba3}</UniqueIdentifier>
    </Filter>
  </ItemGroup>
  <ItemGroup>
    <ClInclude Include="pch.h" />
    <ClInclude Include="Game.h" />
    <ClInclude Include="StepTimer.h">
      <Filter>Common</Filter>
    </ClInclude>
    <ClInclude Include="DeviceResources.h">
      <Filter>Common</Filter>
    </ClInclude>
    <ClInclude Include="common.h" />
    <ClInclude Include="Load.h">
      <Filter>Load</Filter>
    </ClInclude>
    <ClInclude Include="json.hpp">
      <Filter>json</Filter>
    </ClInclude>
    <ClInclude Include="BlockManager.h">
      <Filter>Block\BlockManager</Filter>
    </ClInclude>
    <ClInclude Include="Block.h">
      <Filter>Block</Filter>
    </ClInclude>
    <ClInclude Include="Tank.h">
      <Filter>Tank</Filter>
    </ClInclude>
  </ItemGroup>
  <ItemGroup>
    <ClCompile Include="pch.cpp" />
    <ClCompile Include="Game.cpp" />
    <ClCompile Include="Main.cpp" />
    <ClCompile Include="DeviceResources.cpp">
      <Filter>Common</Filter>
    </ClCompile>
    <ClCompile Include="Load.cpp">
      <Filter>Load</Filter>
    </ClCompile>
    <ClCompile Include="BlockManager.cpp">
      <Filter>Block\BlockManager</Filter>
    </ClCompile>
    <ClCompile Include="Block.cpp">
      <Filter>Block</Filter>
    </ClCompile>
    <ClCompile Include="Tank.cpp">
      <Filter>Tank</Filter>
    </ClCompile>
  </ItemGroup>
  <ItemGroup>
    <ResourceCompile Include="resource.rc" />
  </ItemGroup>
  <ItemGroup>
    <Image Include="directx.ico">
      <Filter>Assets</Filter>
    </Image>
  </ItemGroup>
  <ItemGroup>
    <Manifest Include="settings.manifest">
      <Filter>Assets</Filter>
    </Manifest>
  </ItemGroup>
  <ItemGroup>
    <None Include="packages.config" />
    <None Include="data.json">
      <Filter>json</Filter>
    </None>
  </ItemGroup>
</Project>